<?xml version="1.0" encoding="utf-8"?>
<Project ToolsVersion="4.0" xmlns="http://schemas.microsoft.com/developer/msbuild/2003">
  <ItemGroup>
    <Filter Include="Source Files">
      <UniqueIdentifier>{4FC737F1-C7A5-4376-A066-2A32D752A2FF}</UniqueIdentifier>
      <Extensions>cpp;c;cc;cxx;c++;cppm;ixx;def;odl;idl;hpj;bat;asm;asmx</Extensions>
    </Filter>
    <Filter Include="Resource Files">
      <UniqueIdentifier>{67DA6AB6-F800-4c08-8B7A-83BB121AAD01}</UniqueIdentifier>
      <Extensions>rc;ico;cur;bmp;dlg;rc2;rct;bin;rgs;gif;jpg;jpeg;jpe;resx;tiff;tif;png;wav;mfcribbon-ms</Extensions>
    </Filter>
    <Filter Include="Source Files\Enums">
      <UniqueIdentifier>{68eaddf9-5e43-4bee-94ef-aa6d39d7971f}</UniqueIdentifier>
    </Filter>
    <Filter Include="Source Files\TextLogger">
      <UniqueIdentifier>{77a83eec-fa0d-46f8-bb17-ca41b3e055a9}</UniqueIdentifier>
    </Filter>
    <Filter Include="Source Files\LogRunner">
      <UniqueIdentifier>{c77f4c9c-3fc2-4514-aaf0-6f1355b8acb0}</UniqueIdentifier>
    </Filter>
  </ItemGroup>
  <ItemGroup>
    <ClInclude Include="src\AbstractLogger.h">
      <Filter>Source Files</Filter>
    </ClInclude>
    <ClInclude Include="src\Enums\LogLevel.h">
      <Filter>Source Files\Enums</Filter>
    </ClInclude>
    <ClInclude Include="src\Enums\LogType.h">
      <Filter>Source Files\Enums</Filter>
    </ClInclude>
    <ClInclude Include="src\TextLogger\TextLogger.h">
      <Filter>Source Files\TextLogger</Filter>
    </ClInclude>
    <ClInclude Include="src\TextLogger\TextLoggerConfig.h">
      <Filter>Source Files\TextLogger</Filter>
    </ClInclude>
    <ClInclude Include="src\Enums\ToString.h">
      <Filter>Source Files\Enums</Filter>
    </ClInclude>
    <ClInclude Include="src\Logger.h">
      <Filter>Source Files</Filter>
    </ClInclude>
    <ClInclude Include="src\LogRunner\Runner.h">
      <Filter>Source Files\LogRunner</Filter>
    </ClInclude>
    <ClInclude Include="src\LogRunner\ThreadRunner.h">
      <Filter>Source Files\LogRunner</Filter>
    </ClInclude>
    <ClInclude Include="src\Enums\RunMode.h">
      <Filter>Source Files\Enums</Filter>
    </ClInclude>
  </ItemGroup>
  <ItemGroup>
    <ClCompile Include="src\main.cpp">
      <Filter>Source Files</Filter>
    </ClCompile>
    <ClCompile Include="src\TextLogger\TextLogger.cpp">
      <Filter>Source Files\TextLogger</Filter>
    </ClCompile>
    <ClCompile Include="src\Enums\ToString.cpp">
      <Filter>Source Files\Enums</Filter>
    </ClCompile>
    <ClCompile Include="src\LogRunner\Runner.cpp">
      <Filter>Source Files\LogRunner</Filter>
    </ClCompile>
    <ClCompile Include="src\LogRunner\ThreadRunner.cpp">
      <Filter>Source Files\LogRunner</Filter>
    </ClCompile>
    <ClCompile Include="src\Logger.cpp">
      <Filter>Source Files</Filter>
    </ClCompile>
    <ClCompile Include="src\AbstractLogger.cpp">
      <Filter>Source Files</Filter>
    </ClCompile>
  </ItemGroup>
</Project>